{
  "name": "@ohos/ohpm",
  "version": "1.2.0",
  "lockfileVersion": 2,
  "requires": true,
  "packages": {
    "": {
      "name": "@ohos/ohpm",
      "version": "1.2.0",
      "license": "ISC",
      "dependencies": {
        "chalk": "4.1.2",
        "cli-columns": "4.0.0",
        "columnify": "1.6.0",
        "commander": "9.4.0",
        "dayjs": "1.11.5",
        "fs-extra": "10.0.1",
        "http-proxy-agent": "5.0.0",
        "https-proxy-agent": "5.0.1",
        "ignore-walk": "6.0.0",
        "ini": "3.0.0",
        "json5": "2.2.3",
        "lodash": "4.17.21",
        "node-fetch": "2.6.7",
        "npm-package-arg": "9.1.2",
        "npmlog": "7.0.1",
        "prompt": "1.3.0",
        "readline-sync": "1.4.10",
        "rimraf": "3.0.2",
        "semver": "7.3.6",
        "ssri": "10.0.0",
        "symlink-dir": "5.1.0",
        "tar": "6.1.12",
        "tunnel": "0.0.6",
        "uuid": "9.0.0"
      },
      "bin": {
        "ohpm": "bin/pm-cli.js"
      }
    },
    "node_modules/@colors/colors": {
      "version": "1.5.0",
      "integrity": "sha1-u1BFecHK6SPmV2pPXaQ9Jfl729k=",
      "license": "MIT",
      "engines": {
        "node": ">=0.1.90"
      }
    },
    "node_modules/@tootallnate/once": {
      "version": "2.0.0",
      "integrity": "sha1-9UShSNOrNYAcH2M6dEH9h8LkhL8=",
      "license": "MIT",
      "engines": {
        "node": ">= 10"
      }
    },
    "node_modules/@zkochan/rimraf": {
      "version": "2.1.2",
      "integrity": "sha512-Lc2oK51J6aQWcLWTloobJun5ZF41BbTDdLvE+aMcexoVWFoFqvZmnZoyXR2IZk6NJEVoZW8tjgtvQLfTsmRs2Q==",
      "license": "MIT",
      "dependencies": {
        "rimraf": "^3.0.2"
      },
      "engines": {
        "node": ">=12.10"
      }
    },
    "node_modules/abort-controller": {
      "version": "3.0.0",
      "integrity": "sha1-6vVNU7YrrkE46AnKIlyEOabvs5I=",
      "license": "MIT",
      "dependencies": {
        "event-target-shim": "^5.0.0"
      },
      "engines": {
        "node": ">=6.5"
      }
    },
    "node_modules/agent-base": {
      "version": "6.0.2",
      "integrity": "sha1-Sf/1hXfP7j83F2/qtMIuAPhtf3c=",
      "license": "MIT",
      "dependencies": {
        "debug": "4"
      },
      "engines": {
        "node": ">= 6.0.0"
      }
    },
    "node_modules/ansi-regex": {
      "version": "5.0.1",
      "integrity": "sha1-CCyyyJyf6GWaMRpTvWpNxTAdswQ=",
      "license": "MIT",
      "engines": {
        "node": ">=8"
      }
    },
    "node_modules/ansi-styles": {
      "version": "4.3.0",
      "integrity": "sha1-7dgDYornHATIWuegkG7a00tkiTc=",
      "license": "MIT",
      "dependencies": {
        "color-convert": "^2.0.1"
      },
      "engines": {
        "node": ">=8"
      },
      "funding": {
        "url": "https://github.com/chalk/ansi-styles?sponsor=1"
      }
    },
    "node_modules/aproba": {
      "version": "2.0.0",
      "integrity": "sha1-UlILiuW1aSFbNU78DKo/4eRaitw=",
      "license": "ISC"
    },
    "node_modules/are-we-there-yet": {
      "version": "4.0.0",
      "integrity": "sha512-nSXlV+u3vtVjRgihdTzbfWYzxPWGo424zPgQbHD0ZqIla3jqYAewDcvee0Ua2hjS5IfTAmjGlx1Jf0PKwjZDEw==",
      "license": "ISC",
      "dependencies": {
        "delegates": "^1.0.0",
        "readable-stream": "^4.1.0"
      },
      "engines": {
        "node": "^14.17.0 || ^16.13.0 || >=18.0.0"
      }
    },
    "node_modules/async": {
      "version": "3.2.3",
      "integrity": "sha1-rFPa/T9HIO6eihYGKPGOqR3xlsk=",
      "license": "MIT"
    },
    "node_modules/balanced-match": {
      "version": "1.0.2",
      "integrity": "sha1-6D46fj8wCzTLnYf2FfoMvzV2kO4=",
      "license": "MIT"
    },
    "node_modules/base64-js": {
      "version": "1.5.1",
      "integrity": "sha1-GxtEAWClv3rUC2UPCVljSBkDkwo=",
      "funding": [
        {
          "type": "github",
          "url": "https://github.com/sponsors/feross"
        },
        {
          "type": "patreon",
          "url": "https://www.patreon.com/feross"
        },
        {
          "type": "consulting",
          "url": "https://feross.org/support"
        }
      ],
      "license": "MIT"
    },
    "node_modules/better-path-resolve": {
      "version": "1.0.0",
      "integrity": "sha1-E6NaEQTN1Ip7dL+HWPlqHuYT+Z0=",
      "license": "MIT",
      "dependencies": {
        "is-windows": "^1.0.0"
      },
      "engines": {
        "node": ">=4"
      }
    },
    "node_modules/brace-expansion": {
      "version": "2.0.1",
      "integrity": "sha1-HtxFng8MVISG7Pn8mfIiE2S5oK4=",
      "license": "MIT",
      "dependencies": {
        "balanced-match": "^1.0.0"
      }
    },
    "node_modules/buffer": {
      "version": "6.0.3",
      "integrity": "sha1-Ks5XhFnMj74qcKqo9S7mO2p0xsY=",
      "funding": [
        {
          "type": "github",
          "url": "https://github.com/sponsors/feross"
        },
        {
          "type": "patreon",
          "url": "https://www.patreon.com/feross"
        },
        {
          "type": "consulting",
          "url": "https://feross.org/support"
        }
      ],
      "license": "MIT",
      "dependencies": {
        "base64-js": "^1.3.1",
        "ieee754": "^1.2.1"
      }
    },
    "node_modules/builtins": {
      "version": "5.0.1",
      "integrity": "sha1-h/bbmrBFi+coVk+oHYdtjXRVL6k=",
      "license": "MIT",
      "dependencies": {
        "semver": "^7.0.0"
      }
    },
    "node_modules/chalk": {
      "version": "4.1.2",
      "integrity": "sha1-qsTit3NKdAhnrrFr8CqtVWoeegE=",
      "license": "MIT",
      "dependencies": {
        "ansi-styles": "^4.1.0",
        "supports-color": "^7.1.0"
      },
      "engines": {
        "node": ">=10"
      },
      "funding": {
        "url": "https://github.com/chalk/chalk?sponsor=1"
      }
    },
    "node_modules/chownr": {
      "version": "2.0.0",
      "integrity": "sha1-Fb++U9LqtM9w8YqM1o6+Wzyx3s4=",
      "license": "ISC",
      "engines": {
        "node": ">=10"
      }
    },
    "node_modules/cli-columns": {
      "version": "4.0.0",
      "integrity": "sha1-n+TWWXUjjVUhjEG9LtKWp/pVVkY=",
      "license": "MIT",
      "dependencies": {
        "string-width": "^4.2.3",
        "strip-ansi": "^6.0.1"
      },
      "engines": {
        "node": ">= 10"
      }
    },
    "node_modules/clone": {
      "version": "1.0.4",
      "integrity": "sha1-2jCcwmPfFZlMaIypAheco8fNfH4=",
      "license": "MIT",
      "engines": {
        "node": ">=0.8"
      }
    },
    "node_modules/color-convert": {
      "version": "2.0.1",
      "integrity": "sha1-ctOmjVmMm9s68q0ehPIdiWq9TeM=",
      "license": "MIT",
      "dependencies": {
        "color-name": "~1.1.4"
      },
      "engines": {
        "node": ">=7.0.0"
      }
    },
    "node_modules/color-name": {
      "version": "1.1.4",
      "integrity": "sha1-wqCah6y95pVD3m9j+jmVyCbFNqI=",
      "license": "MIT"
    },
    "node_modules/color-support": {
      "version": "1.1.3",
      "integrity": "sha1-k4NDeaHMmgxh+C9S8NBDIiUb1aI=",
      "license": "ISC",
      "bin": {
        "color-support": "bin.js"
      }
    },
    "node_modules/colors": {
      "version": "1.0.3",
      "integrity": "sha1-BDP0TYCWgP3rYO0mDxsMJi6CpAs=",
      "license": "MIT",
      "engines": {
        "node": ">=0.1.90"
      }
    },
    "node_modules/columnify": {
      "version": "1.6.0",
      "integrity": "sha1-aYlTFxPJAIuylzXmHjes9b1VPPM=",
      "license": "MIT",
      "dependencies": {
        "strip-ansi": "^6.0.1",
        "wcwidth": "^1.0.0"
      },
      "engines": {
        "node": ">=8.0.0"
      }
    },
    "node_modules/commander": {
      "version": "9.4.0",
      "integrity": "sha1-vEpAkY/v5S4iRQwRHs1reszm8Rw=",
      "license": "MIT",
      "engines": {
        "node": "^12.20.0 || >=14"
      }
    },
    "node_modules/concat-map": {
      "version": "0.0.1",
      "integrity": "sha1-2Klr13/Wjfd5OnMDajug1UBdR3s=",
      "license": "MIT"
    },
    "node_modules/console-control-strings": {
      "version": "1.1.0",
      "integrity": "sha1-PXz0Rk22RG6mRL9LOVB/mFEAjo4=",
      "license": "ISC"
    },
    "node_modules/cycle": {
      "version": "1.0.3",
      "integrity": "sha1-IegLK+hYD5i0aPN5QwZisEbDStI=",
      "engines": {
        "node": ">=0.4.0"
      }
    },
    "node_modules/dayjs": {
      "version": "1.11.5",
      "integrity": "sha1-AOjMYn8jH5SZwZs4r0n1bcCsXpM=",
      "license": "MIT"
    },
    "node_modules/debug": {
      "version": "4.3.4",
      "integrity": "sha1-Exn2V5NX8jONMzfSzdSRS7XcyGU=",
      "license": "MIT",
      "dependencies": {
        "ms": "2.1.2"
      },
      "engines": {
        "node": ">=6.0"
      },
      "peerDependenciesMeta": {
        "supports-color": {
          "optional": true
        }
      }
    },
    "node_modules/defaults": {
      "version": "1.0.4",
      "integrity": "sha1-sLAgYsHiqmL/XZUo8PmLqpCXjXo=",
      "license": "MIT",
      "dependencies": {
        "clone": "^1.0.2"
      },
      "funding": {
        "url": "https://github.com/sponsors/sindresorhus"
      }
    },
    "node_modules/delegates": {
      "version": "1.0.0",
      "integrity": "sha1-hMbhWbgZBP3KWaDvRM2HDTElD5o=",
      "license": "MIT"
    },
    "node_modules/emoji-regex": {
      "version": "8.0.0",
      "integrity": "sha1-6Bj9ac5cz8tARZT4QpY79TFkzDc=",
      "license": "MIT"
    },
    "node_modules/event-target-shim": {
      "version": "5.0.1",
      "integrity": "sha1-XU0+vflYPWOlMzzi3rdICrKwV4k=",
      "license": "MIT",
      "engines": {
        "node": ">=6"
      }
    },
    "node_modules/events": {
      "version": "3.3.0",
      "integrity": "sha1-Mala0Kkk4tLEGagTrrLE6HjqdAA=",
      "license": "MIT",
      "engines": {
        "node": ">=0.8.x"
      }
    },
    "node_modules/eyes": {
      "version": "0.1.8",
      "integrity": "sha1-Ys8SAjTGg3hdkCNIqADvPgzCC8A=",
      "engines": {
        "node": "> 0.1.90"
      }
    },
    "node_modules/fs-extra": {
      "version": "10.0.1",
      "integrity": "sha1-J95DtDIOgz9oZ8wES/zin98O87g=",
      "license": "MIT",
      "dependencies": {
        "graceful-fs": "^4.2.0",
        "jsonfile": "^6.0.1",
        "universalify": "^2.0.0"
      },
      "engines": {
        "node": ">=12"
      }
    },
    "node_modules/fs-minipass": {
      "version": "2.1.0",
      "integrity": "sha1-f1A2/b8SxjwWkZDL5BmchSJx+fs=",
      "license": "ISC",
      "dependencies": {
        "minipass": "^3.0.0"
      },
      "engines": {
        "node": ">= 8"
      }
    },
    "node_modules/fs.realpath": {
      "version": "1.0.0",
      "integrity": "sha1-FQStJSMVjKpA20onh8sBQRmU6k8=",
      "license": "ISC"
    },
    "node_modules/gauge": {
      "version": "5.0.1",
      "integrity": "sha512-CmykPMJGuNan/3S4kZOpvvPYSNqSHANiWnh9XcMU2pSjtBfF0XzZ2p1bFAxTbnFxyBuPxQYHhzwaoOmUdqzvxQ==",
      "license": "ISC",
      "dependencies": {
        "aproba": "^1.0.3 || ^2.0.0",
        "color-support": "^1.1.3",
        "console-control-strings": "^1.1.0",
        "has-unicode": "^2.0.1",
        "signal-exit": "^4.0.1",
        "string-width": "^4.2.3",
        "strip-ansi": "^6.0.1",
        "wide-align": "^1.1.5"
      },
      "engines": {
        "node": "^14.17.0 || ^16.13.0 || >=18.0.0"
      }
    },
    "node_modules/glob": {
      "version": "7.2.3",
      "integrity": "sha1-uN8PuAK7+o6JvR2Ti04WV47UTys=",
      "license": "ISC",
      "dependencies": {
        "fs.realpath": "^1.0.0",
        "inflight": "^1.0.4",
        "inherits": "2",
        "minimatch": "^3.1.1",
        "once": "^1.3.0",
        "path-is-absolute": "^1.0.0"
      },
      "engines": {
        "node": "*"
      },
      "funding": {
        "url": "https://github.com/sponsors/isaacs"
      }
    },
    "node_modules/glob/node_modules/brace-expansion": {
      "version": "1.1.11",
      "integrity": "sha1-PH/L9SnYcibz0vUrlm/1Jx60Qd0=",
      "license": "MIT",
      "dependencies": {
        "balanced-match": "^1.0.0",
        "concat-map": "0.0.1"
      }
    },
    "node_modules/glob/node_modules/minimatch": {
      "version": "3.1.2",
      "integrity": "sha1-Gc0ZS/0+Qo8EmnCBfAONiatL41s=",
      "license": "ISC",
      "dependencies": {
        "brace-expansion": "^1.1.7"
      },
      "engines": {
        "node": "*"
      }
    },
    "node_modules/graceful-fs": {
      "version": "4.2.11",
      "integrity": "sha1-QYPk6L8Iu24Fu7L30uDI9xLKQOM=",
      "license": "ISC"
    },
    "node_modules/has-flag": {
      "version": "4.0.0",
      "integrity": "sha1-lEdx/ZyByBJlxNaUGGDaBrtZR5s=",
      "license": "MIT",
      "engines": {
        "node": ">=8"
      }
    },
    "node_modules/has-unicode": {
      "version": "2.0.1",
      "integrity": "sha1-4Ob+aijPUROIVeCG0Wkedx3iqLk=",
      "license": "ISC"
    },
    "node_modules/hosted-git-info": {
      "version": "5.2.1",
      "integrity": "sha1-C6HJcXjvkfOrMIQq5j1qJyNBFW8=",
      "license": "ISC",
      "dependencies": {
        "lru-cache": "^7.5.1"
      },
      "engines": {
        "node": "^12.13.0 || ^14.15.0 || >=16.0.0"
      }
    },
    "node_modules/http-proxy-agent": {
      "version": "5.0.0",
      "integrity": "sha1-USmAAgNSDUNPFCvHj/PBcIAPK0M=",
      "license": "MIT",
      "dependencies": {
        "@tootallnate/once": "2",
        "agent-base": "6",
        "debug": "4"
      },
      "engines": {
        "node": ">= 6"
      }
    },
    "node_modules/https-proxy-agent": {
      "version": "5.0.1",
      "integrity": "sha1-xZ7yJKBP6LdU89sAY6Jeow0ABdY=",
      "license": "MIT",
      "dependencies": {
        "agent-base": "6",
        "debug": "4"
      },
      "engines": {
        "node": ">= 6"
      }
    },
    "node_modules/ieee754": {
      "version": "1.2.1",
      "integrity": "sha1-jrehCmP/8l0VpXsAFYbRd9Gw01I=",
      "funding": [
        {
          "type": "github",
          "url": "https://github.com/sponsors/feross"
        },
        {
          "type": "patreon",
          "url": "https://www.patreon.com/feross"
        },
        {
          "type": "consulting",
          "url": "https://feross.org/support"
        }
      ],
      "license": "BSD-3-Clause"
    },
    "node_modules/ignore-walk": {
      "version": "6.0.0",
      "integrity": "sha512-bTf9UWe/UP1yxG3QUrj/KOvEhTAUWPcv+WvbFZ28LcqznXabp7Xu6o9y1JEC18+oqODuS7VhTpekV5XvFwsxJg==",
      "license": "ISC",
      "dependencies": {
        "minimatch": "^5.0.1"
      },
      "engines": {
        "node": "^14.17.0 || ^16.13.0 || >=18.0.0"
      }
    },
    "node_modules/inflight": {
      "version": "1.0.6",
      "integrity": "sha1-Sb1jMdfQLQwJvJEKEHW6gWW1bfk=",
      "license": "ISC",
      "dependencies": {
        "once": "^1.3.0",
        "wrappy": "1"
      }
    },
    "node_modules/inherits": {
      "version": "2.0.4",
      "integrity": "sha1-D6LGT5MpF8NDOg3tVTY6rjdBa3w=",
      "license": "ISC"
    },
    "node_modules/ini": {
      "version": "3.0.0",
      "integrity": "sha1-L23pUAaSOqdf7tiJT1aGFlrcCPE=",
      "license": "ISC",
      "engines": {
        "node": "^12.13.0 || ^14.15.0 || >=16.0.0"
      }
    },
    "node_modules/is-fullwidth-code-point": {
      "version": "3.0.0",
      "integrity": "sha1-8Rb4Bk/pCz94RKOJl8C3UFEmnx0=",
      "license": "MIT",
      "engines": {
        "node": ">=8"
      }
    },
    "node_modules/is-windows": {
      "version": "1.0.2",
      "integrity": "sha1-0YUOuXkezRjmGCzhKjDzlmNLsZ0=",
      "license": "MIT",
      "engines": {
        "node": ">=0.10.0"
      }
    },
    "node_modules/isstream": {
      "version": "0.1.2",
      "integrity": "sha1-R+Y/evVa+m+S4VAOaQ64uFKcCZo=",
      "license": "MIT"
    },
    "node_modules/json5": {
      "version": "2.2.3",
      "integrity": "sha1-eM1vGhm9wStz21rQxh79ZsHikoM=",
      "license": "MIT",
      "bin": {
        "json5": "lib/cli.js"
      },
      "engines": {
        "node": ">=6"
      }
    },
    "node_modules/jsonfile": {
      "version": "6.1.0",
      "integrity": "sha1-vFWyY0eTxnnsZAMJTrE2mKbsCq4=",
      "license": "MIT",
      "dependencies": {
        "universalify": "^2.0.0"
      },
      "optionalDependencies": {
        "graceful-fs": "^4.1.6"
      }
    },
    "node_modules/lodash": {
      "version": "4.17.21",
      "integrity": "sha1-Z5WRxWTDv/quhFTPCz3zcMPWkRw=",
      "license": "MIT"
    },
    "node_modules/lru-cache": {
      "version": "7.18.3",
      "integrity": "sha1-95OJbg/Q6VSlnf3YLwdzgI32qok=",
      "license": "ISC",
      "engines": {
        "node": ">=12"
      }
    },
    "node_modules/minimatch": {
      "version": "5.1.6",
      "integrity": "sha1-HPy4z1Ui6mmVLNKvla4JR38SKpY=",
      "license": "ISC",
      "dependencies": {
        "brace-expansion": "^2.0.1"
      },
      "engines": {
        "node": ">=10"
      }
    },
    "node_modules/minipass": {
      "version": "3.3.6",
      "integrity": "sha1-e7o4TbOhUg0YycDlJRw0ROld2Uo=",
      "license": "ISC",
      "dependencies": {
        "yallist": "^4.0.0"
      },
      "engines": {
        "node": ">=8"
      }
    },
    "node_modules/minizlib": {
      "version": "2.1.2",
      "integrity": "sha1-6Q00Zrogm5MkUVCKEc49NjIUWTE=",
      "license": "MIT",
      "dependencies": {
        "minipass": "^3.0.0",
        "yallist": "^4.0.0"
      },
      "engines": {
        "node": ">= 8"
      }
    },
    "node_modules/mkdirp": {
      "version": "1.0.4",
      "integrity": "sha1-PrXtYmInVteaXw4qIh3+utdcL34=",
      "license": "MIT",
      "bin": {
        "mkdirp": "bin/cmd.js"
      },
      "engines": {
        "node": ">=10"
      }
    },
    "node_modules/ms": {
      "version": "2.1.2",
      "integrity": "sha1-0J0fNXtEP0kzgqjrPM0YOHKuYAk=",
      "license": "MIT"
    },
    "node_modules/mute-stream": {
      "version": "0.0.8",
      "integrity": "sha1-FjDEKyJR/4HiooPelqVJfqkuXg0=",
      "license": "ISC"
    },
    "node_modules/node-fetch": {
      "version": "2.6.7",
      "integrity": "sha1-JN6fuoJ+O0rkTciyAlajeRYAUq0=",
      "license": "MIT",
      "dependencies": {
        "whatwg-url": "^5.0.0"
      },
      "engines": {
        "node": "4.x || >=6.0.0"
      },
      "peerDependencies": {
        "encoding": "^0.1.0"
      },
      "peerDependenciesMeta": {
        "encoding": {
          "optional": true
        }
      }
    },
    "node_modules/npm-package-arg": {
      "version": "9.1.2",
      "integrity": "sha1-/IrOywAjX0InDdpEbzaSbd2awrw=",
      "license": "ISC",
      "dependencies": {
        "hosted-git-info": "^5.0.0",
        "proc-log": "^2.0.1",
        "semver": "^7.3.5",
        "validate-npm-package-name": "^4.0.0"
      },
      "engines": {
        "node": "^12.13.0 || ^14.15.0 || >=16.0.0"
      }
    },
    "node_modules/npmlog": {
      "version": "7.0.1",
      "integrity": "sha512-uJ0YFk/mCQpLBt+bxN88AKd+gyqZvZDbtiNxk6Waqcj2aPRyfVx8ITawkyQynxUagInjdYT1+qj4NfA5KJJUxg==",
      "license": "ISC",
      "dependencies": {
        "are-we-there-yet": "^4.0.0",
        "console-control-strings": "^1.1.0",
        "gauge": "^5.0.0",
        "set-blocking": "^2.0.0"
      },
      "engines": {
        "node": "^14.17.0 || ^16.13.0 || >=18.0.0"
      }
    },
    "node_modules/once": {
      "version": "1.4.0",
      "integrity": "sha1-WDsap3WWHUsROsF9nFC6753Xa9E=",
      "license": "ISC",
      "dependencies": {
        "wrappy": "1"
      }
    },
    "node_modules/path-is-absolute": {
      "version": "1.0.1",
      "integrity": "sha1-F0uSaHNVNP+8es5r9TpanhtcX18=",
      "license": "MIT",
      "engines": {
        "node": ">=0.10.0"
      }
    },
    "node_modules/proc-log": {
      "version": "2.0.1",
      "integrity": "sha1-jz9pofYI3ieHj5H1xoiyJTkctoU=",
      "license": "ISC",
      "engines": {
        "node": "^12.13.0 || ^14.15.0 || >=16.0.0"
      }
    },
    "node_modules/process": {
      "version": "0.11.10",
      "integrity": "sha1-czIwDoQBYb2j5podHZGn1LwW8YI=",
      "license": "MIT",
      "engines": {
        "node": ">= 0.6.0"
      }
    },
    "node_modules/prompt": {
      "version": "1.3.0",
      "integrity": "sha512-ZkaRWtaLBZl7KKAKndKYUL8WqNT+cQHKRZnT4RYYms48jQkFw3rrBL+/N5K/KtdEveHkxs982MX2BkDKub2ZMg==",
      "license": "MIT",
      "dependencies": {
        "@colors/colors": "1.5.0",
        "async": "3.2.3",
        "read": "1.0.x",
        "revalidator": "0.1.x",
        "winston": "2.x"
      },
      "engines": {
        "node": ">= 6.0.0"
      }
    },
    "node_modules/read": {
      "version": "1.0.7",
      "integrity": "sha1-s9oZvQUkMal2cdRKQmNK33ELQMQ=",
      "license": "ISC",
      "dependencies": {
        "mute-stream": "~0.0.4"
      },
      "engines": {
        "node": ">=0.8"
      }
    },
    "node_modules/readable-stream": {
      "version": "4.4.0",
      "integrity": "sha512-kDMOq0qLtxV9f/SQv522h8cxZBqNZXuXNyjyezmfAAuribMyVXziljpQ/uQhfE1XLg2/TLTW2DsnoE4VAi/krg==",
      "license": "MIT",
      "dependencies": {
        "abort-controller": "^3.0.0",
        "buffer": "^6.0.3",
        "events": "^3.3.0",
        "process": "^0.11.10"
      },
      "engines": {
        "node": "^12.22.0 || ^14.17.0 || >=16.0.0"
      }
    },
    "node_modules/readline-sync": {
      "version": "1.4.10",
      "integrity": "sha512-gNva8/6UAe8QYepIQH/jQ2qn91Qj0B9sYjMBBs3QOB8F2CXcKgLxQaJRP76sWVRQt+QU+8fAkCbCvjjMFu7Ycw==",
      "license": "MIT",
      "engines": {
        "node": ">= 0.8.0"
      }
    },
    "node_modules/rename-overwrite": {
      "version": "4.0.3",
      "integrity": "sha512-e1zOWZh4Lauz5DcLMC8j4eoOHPIrZkAVpiocE9SkDE1ZrGMW+W88LR1Y2YjD1DFgOYfJWqSsK6JKsRfuRH+tbQ==",
      "license": "MIT",
      "dependencies": {
        "@zkochan/rimraf": "^2.1.2",
        "fs-extra": "10.1.0"
      },
      "engines": {
        "node": ">=12.10"
      }
    },
    "node_modules/rename-overwrite/node_modules/fs-extra": {
      "version": "10.1.0",
      "integrity": "sha1-Aoc8+8QITd4SfqpfmQXu8jJdGr8=",
      "license": "MIT",
      "dependencies": {
        "graceful-fs": "^4.2.0",
        "jsonfile": "^6.0.1",
        "universalify": "^2.0.0"
      },
      "engines": {
        "node": ">=12"
      }
    },
    "node_modules/revalidator": {
      "version": "0.1.8",
      "integrity": "sha1-/s5hv6DBtSoga9axgZgYS91SOjs=",
      "license": "Apache 2.0",
      "engines": {
        "node": ">= 0.4.0"
      }
    },
    "node_modules/rimraf": {
      "version": "3.0.2",
      "integrity": "sha1-8aVAK6YiCtUswSgrrBrjqkn9Bho=",
      "license": "ISC",
      "dependencies": {
        "glob": "^7.1.3"
      },
      "bin": {
        "rimraf": "bin.js"
      },
      "funding": {
        "url": "https://github.com/sponsors/isaacs"
      }
    },
    "node_modules/semver": {
      "version": "7.3.6",
      "integrity": "sha1-XXOIb7nAxmAueUQLlxZcKVgcuys=",
      "license": "ISC",
      "dependencies": {
        "lru-cache": "^7.4.0"
      },
      "bin": {
        "semver": "bin/semver.js"
      },
      "engines": {
        "node": "^10.0.0 || ^12.0.0 || ^14.0.0 || >=16.0.0"
      }
    },
    "node_modules/set-blocking": {
      "version": "2.0.0",
      "integrity": "sha1-BF+XgtARrppoA93TgrJDkrPYkPc=",
      "license": "ISC"
    },
    "node_modules/signal-exit": {
      "version": "4.0.2",
      "integrity": "sha1-/1W7HZ/yEUwTtABoj6VErGPDaWc=",
      "license": "ISC",
      "engines": {
        "node": ">=14"
      },
      "funding": {
        "url": "https://github.com/sponsors/isaacs"
      }
    },
    "node_modules/ssri": {
      "version": "10.0.0",
      "integrity": "sha512-64ghGOpqW0k+jh7m5jndBGdVEoPikWwGQmBNN5ks6jyUSMymzHDTlnNHOvzp+6MmHOljr2MokUzvRksnTwG0Iw==",
      "license": "ISC",
      "dependencies": {
        "minipass": "^3.1.1"
      },
      "engines": {
        "node": "^14.17.0 || ^16.13.0 || >=18.0.0"
      }
    },
    "node_modules/stack-trace": {
      "version": "0.0.10",
      "integrity": "sha1-VHxws0fo0ytOEI6hoqFZ5f3eGcA=",
      "license": "MIT",
      "engines": {
        "node": "*"
      }
    },
    "node_modules/string-width": {
      "version": "4.2.3",
      "integrity": "sha1-JpxxF9J7Ba0uU2gwqOyJXvnG0BA=",
      "license": "MIT",
      "dependencies": {
        "emoji-regex": "^8.0.0",
        "is-fullwidth-code-point": "^3.0.0",
        "strip-ansi": "^6.0.1"
      },
      "engines": {
        "node": ">=8"
      }
    },
    "node_modules/strip-ansi": {
      "version": "6.0.1",
      "integrity": "sha1-nibGPTD1NEPpSJSVshBdN7Z6hdk=",
      "license": "MIT",
      "dependencies": {
        "ansi-regex": "^5.0.1"
      },
      "engines": {
        "node": ">=8"
      }
    },
    "node_modules/supports-color": {
      "version": "7.2.0",
      "integrity": "sha1-G33NyzK4E4gBs+R4umpRyqiWSNo=",
      "license": "MIT",
      "dependencies": {
        "has-flag": "^4.0.0"
      },
      "engines": {
        "node": ">=8"
      }
    },
    "node_modules/symlink-dir": {
      "version": "5.1.0",
      "integrity": "sha512-nrwSDbmMYGwc+wu6gzmTdQIV9GzItMG/0LX4c9Co0bhtx2KK1WUKjNIyhjhAdIKaA5eIwVhB2tqFsn8ooUsRKA==",
      "license": "MIT",
      "dependencies": {
        "better-path-resolve": "^1.0.0",
        "rename-overwrite": "^4.0.3"
      },
      "bin": {
        "symlink-dir": "dist/cli.js"
      },
      "engines": {
        "node": ">=12.10"
      }
    },
    "node_modules/tar": {
      "version": "6.1.12",
      "integrity": "sha1-O3QvsFZptVZx+3aatnp3keoaYuY=",
      "license": "ISC",
      "dependencies": {
        "chownr": "^2.0.0",
        "fs-minipass": "^2.0.0",
        "minipass": "^3.0.0",
        "minizlib": "^2.1.1",
        "mkdirp": "^1.0.3",
        "yallist": "^4.0.0"
      },
      "engines": {
        "node": ">=10"
      }
    },
    "node_modules/tr46": {
      "version": "0.0.3",
      "integrity": "sha1-gYT9NH2snNwYWZLzpmIuFLnZq2o=",
      "license": "MIT"
    },
    "node_modules/tunnel": {
      "version": "0.0.6",
      "integrity": "sha1-cvExSzSlsZLbASMk3yzFh8pH+Sw=",
      "license": "MIT",
      "engines": {
        "node": ">=0.6.11 <=0.7.0 || >=0.7.3"
      }
    },
    "node_modules/universalify": {
      "version": "2.0.0",
      "integrity": "sha1-daSYTv7cSwiXXFrrc/Uw0C3yVxc=",
      "license": "MIT",
      "engines": {
        "node": ">= 10.0.0"
      }
    },
    "node_modules/uuid": {
      "version": "9.0.0",
      "integrity": "sha1-WS9VBlACSjjOsMVi8vaqQ1dh77U=",
      "license": "MIT",
      "bin": {
        "uuid": "dist/bin/uuid"
      }
    },
    "node_modules/validate-npm-package-name": {
      "version": "4.0.0",
      "integrity": "sha1-/o8cUKwgr9uG8XfahbNgDwrA10c=",
      "license": "ISC",
      "dependencies": {
        "builtins": "^5.0.0"
      },
      "engines": {
        "node": "^12.13.0 || ^14.15.0 || >=16.0.0"
      }
    },
    "node_modules/wcwidth": {
      "version": "1.0.1",
      "integrity": "sha1-8LDc+RW8X/FSivrbLA4XtTLaL+g=",
      "license": "MIT",
      "dependencies": {
        "defaults": "^1.0.3"
      }
    },
    "node_modules/webidl-conversions": {
      "version": "3.0.1",
      "integrity": "sha1-JFNCdeKnvGvnvIZhHMFq4KVlSHE=",
      "license": "BSD-2-Clause"
    },
    "node_modules/whatwg-url": {
      "version": "5.0.0",
      "integrity": "sha1-lmRU6HZUYuN2RNNib2dCzotwll0=",
      "license": "MIT",
      "dependencies": {
        "tr46": "~0.0.3",
        "webidl-conversions": "^3.0.0"
      }
    },
    "node_modules/wide-align": {
      "version": "1.1.5",
      "integrity": "sha1-3x1MIGhUNp7PPJpImPGyP72dFdM=",
      "license": "ISC",
      "dependencies": {
        "string-width": "^1.0.2 || 2 || 3 || 4"
      }
    },
    "node_modules/winston": {
      "version": "2.4.7",
      "integrity": "sha512-vLB4BqzCKDnnZH9PHGoS2ycawueX4HLqENXQitvFHczhgW2vFpSOn31LZtVr1KU8YTw7DS4tM+cqyovxo8taVg==",
      "license": "MIT",
      "dependencies": {
        "async": "^2.6.4",
        "colors": "1.0.x",
        "cycle": "1.0.x",
        "eyes": "0.1.x",
        "isstream": "0.1.x",
        "stack-trace": "0.0.x"
      },
      "engines": {
        "node": ">= 0.10.0"
      }
    },
    "node_modules/winston/node_modules/async": {
      "version": "2.6.4",
      "integrity": "sha1-cGt/9ghGZM1+rnE/b5ZUM7VQQiE=",
      "license": "MIT",
      "dependencies": {
        "lodash": "^4.17.14"
      }
    },
    "node_modules/wrappy": {
      "version": "1.0.2",
      "integrity": "sha1-tSQ9jz7BqjXxNkYFvA0QNuMKtp8=",
      "license": "ISC"
    },
    "node_modules/yallist": {
      "version": "4.0.0",
      "integrity": "sha1-m7knkNnA7/7GO+c1GeEaNQGaOnI=",
      "license": "ISC"
    }
  },
  "dependencies": {
    "@colors/colors": {
      "version": "1.5.0",
      "integrity": "sha1-u1BFecHK6SPmV2pPXaQ9Jfl729k="
    },
    "@tootallnate/once": {
      "version": "2.0.0",
      "integrity": "sha1-9UShSNOrNYAcH2M6dEH9h8LkhL8="
    },
    "@zkochan/rimraf": {
      "version": "2.1.2",
      "integrity": "sha512-Lc2oK51J6aQWcLWTloobJun5ZF41BbTDdLvE+aMcexoVWFoFqvZmnZoyXR2IZk6NJEVoZW8tjgtvQLfTsmRs2Q==",
      "requires": {
        "rimraf": "^3.0.2"
      }
    },
    "abort-controller": {
      "version": "3.0.0",
      "integrity": "sha1-6vVNU7YrrkE46AnKIlyEOabvs5I=",
      "requires": {
        "event-target-shim": "^5.0.0"
      }
    },
    "agent-base": {
      "version": "6.0.2",
      "integrity": "sha1-Sf/1hXfP7j83F2/qtMIuAPhtf3c=",
      "requires": {
        "debug": "4"
      }
    },
    "ansi-regex": {
      "version": "5.0.1",
      "integrity": "sha1-CCyyyJyf6GWaMRpTvWpNxTAdswQ="
    },
    "ansi-styles": {
      "version": "4.3.0",
      "integrity": "sha1-7dgDYornHATIWuegkG7a00tkiTc=",
      "requires": {
        "color-convert": "^2.0.1"
      }
    },
    "aproba": {
      "version": "2.0.0",
      "integrity": "sha1-UlILiuW1aSFbNU78DKo/4eRaitw="
    },
    "are-we-there-yet": {
      "version": "4.0.0",
      "integrity": "sha512-nSXlV+u3vtVjRgihdTzbfWYzxPWGo424zPgQbHD0ZqIla3jqYAewDcvee0Ua2hjS5IfTAmjGlx1Jf0PKwjZDEw==",
      "requires": {
        "delegates": "^1.0.0",
        "readable-stream": "^4.1.0"
      }
    },
    "async": {
      "version": "3.2.3",
      "integrity": "sha1-rFPa/T9HIO6eihYGKPGOqR3xlsk="
    },
    "balanced-match": {
      "version": "1.0.2",
      "integrity": "sha1-6D46fj8wCzTLnYf2FfoMvzV2kO4="
    },
    "base64-js": {
      "version": "1.5.1",
      "integrity": "sha1-GxtEAWClv3rUC2UPCVljSBkDkwo="
    },
    "better-path-resolve": {
      "version": "1.0.0",
      "integrity": "sha1-E6NaEQTN1Ip7dL+HWPlqHuYT+Z0=",
      "requires": {
        "is-windows": "^1.0.0"
      }
    },
    "brace-expansion": {
      "version": "2.0.1",
      "integrity": "sha1-HtxFng8MVISG7Pn8mfIiE2S5oK4=",
      "requires": {
        "balanced-match": "^1.0.0"
      }
    },
    "buffer": {
      "version": "6.0.3",
      "integrity": "sha1-Ks5XhFnMj74qcKqo9S7mO2p0xsY=",
      "requires": {
        "base64-js": "^1.3.1",
        "ieee754": "^1.2.1"
      }
    },
    "builtins": {
      "version": "5.0.1",
      "integrity": "sha1-h/bbmrBFi+coVk+oHYdtjXRVL6k=",
      "requires": {
        "semver": "^7.0.0"
      }
    },
    "chalk": {
      "version": "4.1.2",
      "integrity": "sha1-qsTit3NKdAhnrrFr8CqtVWoeegE=",
      "requires": {
        "ansi-styles": "^4.1.0",
        "supports-color": "^7.1.0"
      }
    },
    "chownr": {
      "version": "2.0.0",
      "integrity": "sha1-Fb++U9LqtM9w8YqM1o6+Wzyx3s4="
    },
    "cli-columns": {
      "version": "4.0.0",
      "integrity": "sha1-n+TWWXUjjVUhjEG9LtKWp/pVVkY=",
      "requires": {
        "string-width": "^4.2.3",
        "strip-ansi": "^6.0.1"
      }
    },
    "clone": {
      "version": "1.0.4",
      "integrity": "sha1-2jCcwmPfFZlMaIypAheco8fNfH4="
    },
    "color-convert": {
      "version": "2.0.1",
      "integrity": "sha1-ctOmjVmMm9s68q0ehPIdiWq9TeM=",
      "requires": {
        "color-name": "~1.1.4"
      }
    },
    "color-name": {
      "version": "1.1.4",
      "integrity": "sha1-wqCah6y95pVD3m9j+jmVyCbFNqI="
    },
    "color-support": {
      "version": "1.1.3",
      "integrity": "sha1-k4NDeaHMmgxh+C9S8NBDIiUb1aI="
    },
    "colors": {
      "version": "1.0.3",
      "integrity": "sha1-BDP0TYCWgP3rYO0mDxsMJi6CpAs="
    },
    "columnify": {
      "version": "1.6.0",
      "integrity": "sha1-aYlTFxPJAIuylzXmHjes9b1VPPM=",
      "requires": {
        "strip-ansi": "^6.0.1",
        "wcwidth": "^1.0.0"
      }
    },
    "commander": {
      "version": "9.4.0",
      "integrity": "sha1-vEpAkY/v5S4iRQwRHs1reszm8Rw="
    },
    "concat-map": {
      "version": "0.0.1",
      "integrity": "sha1-2Klr13/Wjfd5OnMDajug1UBdR3s="
    },
    "console-control-strings": {
      "version": "1.1.0",
      "integrity": "sha1-PXz0Rk22RG6mRL9LOVB/mFEAjo4="
    },
    "cycle": {
      "version": "1.0.3",
      "integrity": "sha1-IegLK+hYD5i0aPN5QwZisEbDStI="
    },
    "dayjs": {
      "version": "1.11.5",
      "integrity": "sha1-AOjMYn8jH5SZwZs4r0n1bcCsXpM="
    },
    "debug": {
      "version": "4.3.4",
      "integrity": "sha1-Exn2V5NX8jONMzfSzdSRS7XcyGU=",
      "requires": {
        "ms": "2.1.2"
      }
    },
    "defaults": {
      "version": "1.0.4",
      "integrity": "sha1-sLAgYsHiqmL/XZUo8PmLqpCXjXo=",
      "requires": {
        "clone": "^1.0.2"
      }
    },
    "delegates": {
      "version": "1.0.0",
      "integrity": "sha1-hMbhWbgZBP3KWaDvRM2HDTElD5o="
    },
    "emoji-regex": {
      "version": "8.0.0",
      "integrity": "sha1-6Bj9ac5cz8tARZT4QpY79TFkzDc="
    },
    "event-target-shim": {
      "version": "5.0.1",
      "integrity": "sha1-XU0+vflYPWOlMzzi3rdICrKwV4k="
    },
    "events": {
      "version": "3.3.0",
      "integrity": "sha1-Mala0Kkk4tLEGagTrrLE6HjqdAA="
    },
    "eyes": {
      "version": "0.1.8",
      "integrity": "sha1-Ys8SAjTGg3hdkCNIqADvPgzCC8A="
    },
    "fs-extra": {
      "version": "10.0.1",
      "integrity": "sha1-J95DtDIOgz9oZ8wES/zin98O87g=",
      "requires": {
        "graceful-fs": "^4.2.0",
        "jsonfile": "^6.0.1",
        "universalify": "^2.0.0"
      }
    },
    "fs-minipass": {
      "version": "2.1.0",
      "integrity": "sha1-f1A2/b8SxjwWkZDL5BmchSJx+fs=",
      "requires": {
        "minipass": "^3.0.0"
      }
    },
    "fs.realpath": {
      "version": "1.0.0",
      "integrity": "sha1-FQStJSMVjKpA20onh8sBQRmU6k8="
    },
    "gauge": {
      "version": "5.0.1",
      "integrity": "sha512-CmykPMJGuNan/3S4kZOpvvPYSNqSHANiWnh9XcMU2pSjtBfF0XzZ2p1bFAxTbnFxyBuPxQYHhzwaoOmUdqzvxQ==",
      "requires": {
        "aproba": "^1.0.3 || ^2.0.0",
        "color-support": "^1.1.3",
        "console-control-strings": "^1.1.0",
        "has-unicode": "^2.0.1",
        "signal-exit": "^4.0.1",
        "string-width": "^4.2.3",
        "strip-ansi": "^6.0.1",
        "wide-align": "^1.1.5"
      }
    },
    "glob": {
      "version": "7.2.3",
      "integrity": "sha1-uN8PuAK7+o6JvR2Ti04WV47UTys=",
      "requires": {
        "fs.realpath": "^1.0.0",
        "inflight": "^1.0.4",
        "inherits": "2",
        "minimatch": "^3.1.1",
        "once": "^1.3.0",
        "path-is-absolute": "^1.0.0"
      },
      "dependencies": {
        "brace-expansion": {
          "version": "1.1.11",
          "integrity": "sha1-PH/L9SnYcibz0vUrlm/1Jx60Qd0=",
          "requires": {
            "balanced-match": "^1.0.0",
            "concat-map": "0.0.1"
          }
        },
        "minimatch": {
          "version": "3.1.2",
          "integrity": "sha1-Gc0ZS/0+Qo8EmnCBfAONiatL41s=",
          "requires": {
            "brace-expansion": "^1.1.7"
          }
        }
      }
    },
    "graceful-fs": {
      "version": "4.2.11",
      "integrity": "sha1-QYPk6L8Iu24Fu7L30uDI9xLKQOM="
    },
    "has-flag": {
      "version": "4.0.0",
      "integrity": "sha1-lEdx/ZyByBJlxNaUGGDaBrtZR5s="
    },
    "has-unicode": {
      "version": "2.0.1",
      "integrity": "sha1-4Ob+aijPUROIVeCG0Wkedx3iqLk="
    },
    "hosted-git-info": {
      "version": "5.2.1",
      "integrity": "sha1-C6HJcXjvkfOrMIQq5j1qJyNBFW8=",
      "requires": {
        "lru-cache": "^7.5.1"
      }
    },
    "http-proxy-agent": {
      "version": "5.0.0",
      "integrity": "sha1-USmAAgNSDUNPFCvHj/PBcIAPK0M=",
      "requires": {
        "@tootallnate/once": "2",
        "agent-base": "6",
        "debug": "4"
      }
    },
    "https-proxy-agent": {
      "version": "5.0.1",
      "integrity": "sha1-xZ7yJKBP6LdU89sAY6Jeow0ABdY=",
      "requires": {
        "agent-base": "6",
        "debug": "4"
      }
    },
    "ieee754": {
      "version": "1.2.1",
      "integrity": "sha1-jrehCmP/8l0VpXsAFYbRd9Gw01I="
    },
    "ignore-walk": {
      "version": "6.0.0",
      "integrity": "sha512-bTf9UWe/UP1yxG3QUrj/KOvEhTAUWPcv+WvbFZ28LcqznXabp7Xu6o9y1JEC18+oqODuS7VhTpekV5XvFwsxJg==",
      "requires": {
        "minimatch": "^5.0.1"
      }
    },
    "inflight": {
      "version": "1.0.6",
      "integrity": "sha1-Sb1jMdfQLQwJvJEKEHW6gWW1bfk=",
      "requires": {
        "once": "^1.3.0",
        "wrappy": "1"
      }
    },
    "inherits": {
      "version": "2.0.4",
      "integrity": "sha1-D6LGT5MpF8NDOg3tVTY6rjdBa3w="
    },
    "ini": {
      "version": "3.0.0",
      "integrity": "sha1-L23pUAaSOqdf7tiJT1aGFlrcCPE="
    },
    "is-fullwidth-code-point": {
      "version": "3.0.0",
      "integrity": "sha1-8Rb4Bk/pCz94RKOJl8C3UFEmnx0="
    },
    "is-windows": {
      "version": "1.0.2",
      "integrity": "sha1-0YUOuXkezRjmGCzhKjDzlmNLsZ0="
    },
    "isstream": {
      "version": "0.1.2",
      "integrity": "sha1-R+Y/evVa+m+S4VAOaQ64uFKcCZo="
    },
    "json5": {
      "version": "2.2.3",
      "integrity": "sha1-eM1vGhm9wStz21rQxh79ZsHikoM="
    },
    "jsonfile": {
      "version": "6.1.0",
      "integrity": "sha1-vFWyY0eTxnnsZAMJTrE2mKbsCq4=",
      "requires": {
        "graceful-fs": "^4.1.6",
        "universalify": "^2.0.0"
      }
    },
    "lodash": {
      "version": "4.17.21",
      "integrity": "sha1-Z5WRxWTDv/quhFTPCz3zcMPWkRw="
    },
    "lru-cache": {
      "version": "7.18.3",
      "integrity": "sha1-95OJbg/Q6VSlnf3YLwdzgI32qok="
    },
    "minimatch": {
      "version": "5.1.6",
      "integrity": "sha1-HPy4z1Ui6mmVLNKvla4JR38SKpY=",
      "requires": {
        "brace-expansion": "^2.0.1"
      }
    },
    "minipass": {
      "version": "3.3.6",
      "integrity": "sha1-e7o4TbOhUg0YycDlJRw0ROld2Uo=",
      "requires": {
        "yallist": "^4.0.0"
      }
    },
    "minizlib": {
      "version": "2.1.2",
      "integrity": "sha1-6Q00Zrogm5MkUVCKEc49NjIUWTE=",
      "requires": {
        "minipass": "^3.0.0",
        "yallist": "^4.0.0"
      }
    },
    "mkdirp": {
      "version": "1.0.4",
      "integrity": "sha1-PrXtYmInVteaXw4qIh3+utdcL34="
    },
    "ms": {
      "version": "2.1.2",
      "integrity": "sha1-0J0fNXtEP0kzgqjrPM0YOHKuYAk="
    },
    "mute-stream": {
      "version": "0.0.8",
      "integrity": "sha1-FjDEKyJR/4HiooPelqVJfqkuXg0="
    },
    "node-fetch": {
      "version": "2.6.7",
      "integrity": "sha1-JN6fuoJ+O0rkTciyAlajeRYAUq0=",
      "requires": {
        "whatwg-url": "^5.0.0"
      }
    },
    "npm-package-arg": {
      "version": "9.1.2",
      "integrity": "sha1-/IrOywAjX0InDdpEbzaSbd2awrw=",
      "requires": {
        "hosted-git-info": "^5.0.0",
        "proc-log": "^2.0.1",
        "semver": "^7.3.5",
        "validate-npm-package-name": "^4.0.0"
      }
    },
    "npmlog": {
      "version": "7.0.1",
      "integrity": "sha512-uJ0YFk/mCQpLBt+bxN88AKd+gyqZvZDbtiNxk6Waqcj2aPRyfVx8ITawkyQynxUagInjdYT1+qj4NfA5KJJUxg==",
      "requires": {
        "are-we-there-yet": "^4.0.0",
        "console-control-strings": "^1.1.0",
        "gauge": "^5.0.0",
        "set-blocking": "^2.0.0"
      }
    },
    "once": {
      "version": "1.4.0",
      "integrity": "sha1-WDsap3WWHUsROsF9nFC6753Xa9E=",
      "requires": {
        "wrappy": "1"
      }
    },
    "path-is-absolute": {
      "version": "1.0.1",
      "integrity": "sha1-F0uSaHNVNP+8es5r9TpanhtcX18="
    },
    "proc-log": {
      "version": "2.0.1",
      "integrity": "sha1-jz9pofYI3ieHj5H1xoiyJTkctoU="
    },
    "process": {
      "version": "0.11.10",
      "integrity": "sha1-czIwDoQBYb2j5podHZGn1LwW8YI="
    },
    "prompt": {
      "version": "1.3.0",
      "integrity": "sha512-ZkaRWtaLBZl7KKAKndKYUL8WqNT+cQHKRZnT4RYYms48jQkFw3rrBL+/N5K/KtdEveHkxs982MX2BkDKub2ZMg==",
      "requires": {
        "@colors/colors": "1.5.0",
        "async": "3.2.3",
        "read": "1.0.x",
        "revalidator": "0.1.x",
        "winston": "2.x"
      }
    },
    "read": {
      "version": "1.0.7",
      "integrity": "sha1-s9oZvQUkMal2cdRKQmNK33ELQMQ=",
      "requires": {
        "mute-stream": "~0.0.4"
      }
    },
    "readable-stream": {
      "version": "4.4.0",
      "integrity": "sha512-kDMOq0qLtxV9f/SQv522h8cxZBqNZXuXNyjyezmfAAuribMyVXziljpQ/uQhfE1XLg2/TLTW2DsnoE4VAi/krg==",
      "requires": {
        "abort-controller": "^3.0.0",
        "buffer": "^6.0.3",
        "events": "^3.3.0",
        "process": "^0.11.10"
      }
    },
    "readline-sync": {
      "version": "1.4.10",
      "integrity": "sha512-gNva8/6UAe8QYepIQH/jQ2qn91Qj0B9sYjMBBs3QOB8F2CXcKgLxQaJRP76sWVRQt+QU+8fAkCbCvjjMFu7Ycw=="
    },
    "rename-overwrite": {
      "version": "4.0.3",
      "integrity": "sha512-e1zOWZh4Lauz5DcLMC8j4eoOHPIrZkAVpiocE9SkDE1ZrGMW+W88LR1Y2YjD1DFgOYfJWqSsK6JKsRfuRH+tbQ==",
      "requires": {
        "@zkochan/rimraf": "^2.1.2",
        "fs-extra": "10.1.0"
      },
      "dependencies": {
        "fs-extra": {
          "version": "10.1.0",
          "integrity": "sha1-Aoc8+8QITd4SfqpfmQXu8jJdGr8=",
          "requires": {
            "graceful-fs": "^4.2.0",
            "jsonfile": "^6.0.1",
            "universalify": "^2.0.0"
          }
        }
      }
    },
    "revalidator": {
      "version": "0.1.8",
      "integrity": "sha1-/s5hv6DBtSoga9axgZgYS91SOjs="
    },
    "rimraf": {
      "version": "3.0.2",
      "integrity": "sha1-8aVAK6YiCtUswSgrrBrjqkn9Bho=",
      "requires": {
        "glob": "^7.1.3"
      }
    },
    "semver": {
      "version": "7.3.6",
      "integrity": "sha1-XXOIb7nAxmAueUQLlxZcKVgcuys=",
      "requires": {
        "lru-cache": "^7.4.0"
      }
    },
    "set-blocking": {
      "version": "2.0.0",
      "integrity": "sha1-BF+XgtARrppoA93TgrJDkrPYkPc="
    },
    "signal-exit": {
      "version": "4.0.2",
      "integrity": "sha1-/1W7HZ/yEUwTtABoj6VErGPDaWc="
    },
    "ssri": {
      "version": "10.0.0",
      "integrity": "sha512-64ghGOpqW0k+jh7m5jndBGdVEoPikWwGQmBNN5ks6jyUSMymzHDTlnNHOvzp+6MmHOljr2MokUzvRksnTwG0Iw==",
      "requires": {
        "minipass": "^3.1.1"
      }
    },
    "stack-trace": {
      "version": "0.0.10",
      "integrity": "sha1-VHxws0fo0ytOEI6hoqFZ5f3eGcA="
    },
    "string-width": {
      "version": "4.2.3",
      "integrity": "sha1-JpxxF9J7Ba0uU2gwqOyJXvnG0BA=",
      "requires": {
        "emoji-regex": "^8.0.0",
        "is-fullwidth-code-point": "^3.0.0",
        "strip-ansi": "^6.0.1"
      }
    },
    "strip-ansi": {
      "version": "6.0.1",
      "integrity": "sha1-nibGPTD1NEPpSJSVshBdN7Z6hdk=",
      "requires": {
        "ansi-regex": "^5.0.1"
      }
    },
    "supports-color": {
      "version": "7.2.0",
      "integrity": "sha1-G33NyzK4E4gBs+R4umpRyqiWSNo=",
      "requires": {
        "has-flag": "^4.0.0"
      }
    },
    "symlink-dir": {
      "version": "5.1.0",
      "integrity": "sha512-nrwSDbmMYGwc+wu6gzmTdQIV9GzItMG/0LX4c9Co0bhtx2KK1WUKjNIyhjhAdIKaA5eIwVhB2tqFsn8ooUsRKA==",
      "requires": {
        "better-path-resolve": "^1.0.0",
        "rename-overwrite": "^4.0.3"
      }
    },
    "tar": {
      "version": "6.1.12",
      "integrity": "sha1-O3QvsFZptVZx+3aatnp3keoaYuY=",
      "requires": {
        "chownr": "^2.0.0",
        "fs-minipass": "^2.0.0",
        "minipass": "^3.0.0",
        "minizlib": "^2.1.1",
        "mkdirp": "^1.0.3",
        "yallist": "^4.0.0"
      }
    },
    "tr46": {
      "version": "0.0.3",
      "integrity": "sha1-gYT9NH2snNwYWZLzpmIuFLnZq2o="
    },
    "tunnel": {
      "version": "0.0.6",
      "integrity": "sha1-cvExSzSlsZLbASMk3yzFh8pH+Sw="
    },
    "universalify": {
      "version": "2.0.0",
      "integrity": "sha1-daSYTv7cSwiXXFrrc/Uw0C3yVxc="
    },
    "uuid": {
      "version": "9.0.0",
      "integrity": "sha1-WS9VBlACSjjOsMVi8vaqQ1dh77U="
    },
    "validate-npm-package-name": {
      "version": "4.0.0",
      "integrity": "sha1-/o8cUKwgr9uG8XfahbNgDwrA10c=",
      "requires": {
        "builtins": "^5.0.0"
      }
    },
    "wcwidth": {
      "version": "1.0.1",
      "integrity": "sha1-8LDc+RW8X/FSivrbLA4XtTLaL+g=",
      "requires": {
        "defaults": "^1.0.3"
      }
    },
    "webidl-conversions": {
      "version": "3.0.1",
      "integrity": "sha1-JFNCdeKnvGvnvIZhHMFq4KVlSHE="
    },
    "whatwg-url": {
      "version": "5.0.0",
      "integrity": "sha1-lmRU6HZUYuN2RNNib2dCzotwll0=",
      "requires": {
        "tr46": "~0.0.3",
        "webidl-conversions": "^3.0.0"
      }
    },
    "wide-align": {
      "version": "1.1.5",
      "integrity": "sha1-3x1MIGhUNp7PPJpImPGyP72dFdM=",
      "requires": {
        "string-width": "^1.0.2 || 2 || 3 || 4"
      }
    },
    "winston": {
      "version": "2.4.7",
      "integrity": "sha512-vLB4BqzCKDnnZH9PHGoS2ycawueX4HLqENXQitvFHczhgW2vFpSOn31LZtVr1KU8YTw7DS4tM+cqyovxo8taVg==",
      "requires": {
        "async": "^2.6.4",
        "colors": "1.0.x",
        "cycle": "1.0.x",
        "eyes": "0.1.x",
        "isstream": "0.1.x",
        "stack-trace": "0.0.x"
      },
      "dependencies": {
        "async": {
          "version": "2.6.4",
          "integrity": "sha1-cGt/9ghGZM1+rnE/b5ZUM7VQQiE=",
          "requires": {
            "lodash": "^4.17.14"
          }
        }
      }
    },
    "wrappy": {
      "version": "1.0.2",
      "integrity": "sha1-tSQ9jz7BqjXxNkYFvA0QNuMKtp8="
    },
    "yallist": {
      "version": "4.0.0",
      "integrity": "sha1-m7knkNnA7/7GO+c1GeEaNQGaOnI="
    }
  }
}
